<?xml version="1.0" encoding="utf-8"?>
<Project ToolsVersion="4.0" xmlns="http://schemas.microsoft.com/developer/msbuild/2003">
  <ItemGroup>
    <Filter Include="ソース ファイル">
      <UniqueIdentifier>{4FC737F1-C7A5-4376-A066-2A32D752A2FF}</UniqueIdentifier>
      <Extensions>cpp;c;cc;cxx;c++;cppm;ixx;def;odl;idl;hpj;bat;asm;asmx</Extensions>
    </Filter>
    <Filter Include="ヘッダー ファイル">
      <UniqueIdentifier>{93995380-89BD-4b04-88EB-625FBE52EBFB}</UniqueIdentifier>
      <Extensions>h;hh;hpp;hxx;h++;hm;inl;inc;ipp;xsd</Extensions>
    </Filter>
    <Filter Include="リソース ファイル">
      <UniqueIdentifier>{67DA6AB6-F800-4c08-8B7A-83BB121AAD01}</UniqueIdentifier>
      <Extensions>rc;ico;cur;bmp;dlg;rc2;rct;bin;rgs;gif;jpg;jpeg;jpe;resx;tiff;tif;png;wav;mfcribbon-ms</Extensions>
    </Filter>
    <Filter Include="mtgb">
      <UniqueIdentifier>{9d90928f-f713-44c3-a09a-4c269d6f0647}</UniqueIdentifier>
    </Filter>
    <Filter Include="mtgb\MTBin">
      <UniqueIdentifier>{bd9379eb-fff6-4864-b34d-e5a34323700d}</UniqueIdentifier>
    </Filter>
    <Filter Include="mtgb\Component">
      <UniqueIdentifier>{9d15728b-7eaa-4abb-8bbe-fac7975ef1fe}</UniqueIdentifier>
    </Filter>
    <Filter Include="mtgb\Ignore">
      <UniqueIdentifier>{d807ce30-9704-4ee0-ba00-652684f1efb0}</UniqueIdentifier>
    </Filter>
    <Filter Include="mtgb\Library">
      <UniqueIdentifier>{19fcdf99-aa25-4010-a671-b7600ef25bcc}</UniqueIdentifier>
    </Filter>
    <Filter Include="mtgb\Shader">
      <UniqueIdentifier>{6ea0b6fb-8a0f-4488-a84c-b586df100f0e}</UniqueIdentifier>
    </Filter>
    <Filter Include="mtgb\System">
      <UniqueIdentifier>{5696c2b9-9191-4848-ac85-929eef771fbe}</UniqueIdentifier>
    </Filter>
    <Filter Include="mtgb\System\AssetsManager">
      <UniqueIdentifier>{7f964e3b-6981-40fe-83fb-89b4f34626a1}</UniqueIdentifier>
    </Filter>
    <Filter Include="mtgb\System\Audio">
      <UniqueIdentifier>{34cadb34-652b-4976-83e0-150cc1db2608}</UniqueIdentifier>
    </Filter>
    <Filter Include="mtgb\System\ComponentPool">
      <UniqueIdentifier>{c06cffd5-db37-4e23-9e23-a5b1963c77d2}</UniqueIdentifier>
    </Filter>
    <Filter Include="mtgb\System\Debug">
      <UniqueIdentifier>{64cfcd98-a8d3-4b9f-b6e2-22e7dfd5db9f}</UniqueIdentifier>
    </Filter>
    <Filter Include="mtgb\System\DirectWrite">
      <UniqueIdentifier>{2eaba8bc-781e-4220-bf7d-84adc526eacf}</UniqueIdentifier>
    </Filter>
    <Filter Include="mtgb\System\Direct2D">
      <UniqueIdentifier>{dcb6fe85-1ca1-4fd4-85bc-d4881d09aef0}</UniqueIdentifier>
    </Filter>
    <Filter Include="mtgb\System\Draw">
      <UniqueIdentifier>{769dc29e-cda5-4827-ba54-8f192061de74}</UniqueIdentifier>
    </Filter>
    <Filter Include="mtgb\System\Draw\OBJ">
      <UniqueIdentifier>{009117bd-41ca-41ac-ac2d-79c5d8bbc149}</UniqueIdentifier>
    </Filter>
    <Filter Include="mtgb\System\Draw\Shader">
      <UniqueIdentifier>{be92f6ee-b791-41cb-86d9-a4af6669912e}</UniqueIdentifier>
    </Filter>
    <Filter Include="mtgb\System\Image">
      <UniqueIdentifier>{909852cd-6b36-4db6-9a16-d2c3534ad0ac}</UniqueIdentifier>
    </Filter>
    <Filter Include="mtgb\System\Input">
      <UniqueIdentifier>{f6d14fe5-adb7-4235-bb45-a457ff688961}</UniqueIdentifier>
    </Filter>
    <Filter Include="mtgb\System\Scene">
      <UniqueIdentifier>{9521518b-b099-4765-9803-cab32aa6d99e}</UniqueIdentifier>
    </Filter>
    <Filter Include="mtgb\System\Screen">
      <UniqueIdentifier>{d0636eca-f672-454b-befe-50530257d2b1}</UniqueIdentifier>
    </Filter>
    <Filter Include="mtgb\System\Time">
      <UniqueIdentifier>{15c4e0bc-a43d-4be6-bf1f-f0d632c81027}</UniqueIdentifier>
    </Filter>
    <Filter Include="mtgb\System\TransformCP">
      <UniqueIdentifier>{a902f374-0bb9-4fd6-b59d-2762ddb8ffa6}</UniqueIdentifier>
    </Filter>
    <Filter Include="mtgb\Utility">
      <UniqueIdentifier>{ec9d819b-14e0-40a8-9257-ba8c79a2b7a8}</UniqueIdentifier>
    </Filter>
    <Filter Include="mtgb\System\Direct11Manager">
      <UniqueIdentifier>{412ee36a-f0e3-4d5c-a7a9-42e6ff14167b}</UniqueIdentifier>
    </Filter>
    <Filter Include="Game">
      <UniqueIdentifier>{1af1d065-3a5b-48ca-af77-ba3dc3bef107}</UniqueIdentifier>
    </Filter>
    <Filter Include="Game\PlayScene">
      <UniqueIdentifier>{77f22293-232a-4541-8485-ae705549e177}</UniqueIdentifier>
    </Filter>
    <Filter Include="mtgb\System\Draw\Fbx">
      <UniqueIdentifier>{353f749a-1df7-4698-9711-40779bcf64cf}</UniqueIdentifier>
    </Filter>
    <Filter Include="ImGui">
      <UniqueIdentifier>{c7b7ba4b-3519-4497-b063-d5e2acd7f508}</UniqueIdentifier>
    </Filter>
    <Filter Include="mtgb\System\Text">
      <UniqueIdentifier>{4920500e-d02e-4512-b366-1f4818977216}</UniqueIdentifier>
    </Filter>
    <Filter Include="Assets">
      <UniqueIdentifier>{a41016de-2540-42af-8009-7cc1b8623695}</UniqueIdentifier>
    </Filter>
    <Filter Include="mtgb\System\Collider">
      <UniqueIdentifier>{93594e0d-8abd-42b9-878f-3a8c01fae598}</UniqueIdentifier>
    </Filter>
    <Filter Include="mtgb\System\Window">
      <UniqueIdentifier>{712b342c-f58d-48b1-afcf-0ea75a95c244}</UniqueIdentifier>
    </Filter>
    <Filter Include="mtgb\System\Window\MainWindow">
      <UniqueIdentifier>{0f6f38b7-d1c1-4df9-a568-8cbe2248c417}</UniqueIdentifier>
    </Filter>
    <Filter Include="mtgb\System\Window\SubWindow">
      <UniqueIdentifier>{9264510d-5991-4196-b945-e70ed22eb59f}</UniqueIdentifier>
    </Filter>
    <Filter Include="mtgb\System\Resource">
      <UniqueIdentifier>{f4f1e396-72c4-4006-8ee0-eaf25832b419}</UniqueIdentifier>
    </Filter>
    <Filter Include="mtgb\System\Resource\Resources">
      <UniqueIdentifier>{7807dafe-ffc5-4044-9a56-23f20b8faa6f}</UniqueIdentifier>
    </Filter>
    <Filter Include="mtgb\MTNet">
      <UniqueIdentifier>{4dd2f2f8-47cc-44d1-9cd0-60c409db6cc7}</UniqueIdentifier>
    </Filter>
    <Filter Include="mtgb\System\Camera">
      <UniqueIdentifier>{c3026163-e52d-4f01-af5b-a01ed9efb2ed}</UniqueIdentifier>
    </Filter>
  </ItemGroup>
  <ItemGroup>
    <ClCompile Include="mtgb\Game.cpp">
      <Filter>mtgb</Filter>
    </ClCompile>
    <ClCompile Include="mtgb\GameObject.cpp">
      <Filter>mtgb</Filter>
    </ClCompile>
    <ClCompile Include="mtgb\GameScene.cpp">
      <Filter>mtgb</Filter>
    </ClCompile>
    <ClCompile Include="mtgb\Model.cpp">
      <Filter>mtgb</Filter>
    </ClCompile>
    <ClCompile Include="mtgb\mtgb.cpp">
      <Filter>mtgb</Filter>
    </ClCompile>
    <ClCompile Include="mtgb\RigidBody.cpp">
      <Filter>mtgb</Filter>
    </ClCompile>
    <ClCompile Include="mtgb\RigidBodyCP.cpp">
      <Filter>mtgb</Filter>
    </ClCompile>
    <ClCompile Include="mtgb\Sprite.cpp">
      <Filter>mtgb</Filter>
    </ClCompile>
    <ClCompile Include="mtgb\WaveData.cpp">
      <Filter>mtgb</Filter>
    </ClCompile>
    <ClCompile Include="mtgb\World.cpp">
      <Filter>mtgb</Filter>
    </ClCompile>
    <ClCompile Include="Source\Bullet.cpp">
      <Filter>Game</Filter>
    </ClCompile>
    <ClCompile Include="Source\Camera.cpp">
      <Filter>Game</Filter>
    </ClCompile>
    <ClCompile Include="Source\Player.cpp">
      <Filter>Game</Filter>
    </ClCompile>
    <ClCompile Include="Source\PlayScene.cpp">
      <Filter>Game</Filter>
    </ClCompile>
    <ClCompile Include="Source\SampleGame.cpp">
      <Filter>Game</Filter>
    </ClCompile>
    <ClCompile Include="Source\TheMain.cpp">
      <Filter>Game</Filter>
    </ClCompile>
    <ClCompile Include="mtgb\MTBin\MemoryStream.cpp">
      <Filter>mtgb\MTBin</Filter>
    </ClCompile>
    <ClCompile Include="mtgb\AudioPlayer.cpp">
      <Filter>mtgb\Component</Filter>
    </ClCompile>
    <ClCompile Include="mtgb\IComponent.cpp">
      <Filter>mtgb\Component</Filter>
    </ClCompile>
    <ClCompile Include="mtgb\AssetsManager.cpp">
      <Filter>mtgb\System\AssetsManager</Filter>
    </ClCompile>
    <ClCompile Include="mtgb\Audio.cpp">
      <Filter>mtgb\System\Audio</Filter>
    </ClCompile>
    <ClCompile Include="mtgb\AudioClip.cpp">
      <Filter>mtgb\System\Audio</Filter>
    </ClCompile>
    <ClCompile Include="mtgb\AudioOneShot.cpp">
      <Filter>mtgb\System\Audio</Filter>
    </ClCompile>
    <ClCompile Include="mtgb\AudioPlayerCP.cpp">
      <Filter>mtgb\System\ComponentPool</Filter>
    </ClCompile>
    <ClCompile Include="mtgb\Debug.cpp">
      <Filter>mtgb\System\Debug</Filter>
    </ClCompile>
    <ClCompile Include="mtgb\DirectWrite.cpp">
      <Filter>mtgb\System\DirectWrite</Filter>
    </ClCompile>
    <ClCompile Include="mtgb\DirectX11Draw.cpp">
      <Filter>mtgb\System\Direct11Manager</Filter>
    </ClCompile>
    <ClCompile Include="mtgb\DirectX11Manager.cpp">
      <Filter>mtgb\System\Direct11Manager</Filter>
    </ClCompile>
    <ClCompile Include="mtgb\HLSLInclude.cpp">
      <Filter>mtgb\System\Direct11Manager</Filter>
    </ClCompile>
    <ClCompile Include="mtgb\OBJ.cpp">
      <Filter>mtgb\System\Draw\OBJ</Filter>
    </ClCompile>
    <ClCompile Include="mtgb\Draw.cpp">
      <Filter>mtgb\System\Draw</Filter>
    </ClCompile>
    <ClCompile Include="mtgb\FbxParts.cpp">
      <Filter>mtgb\System\Draw\Shader</Filter>
    </ClCompile>
    <ClCompile Include="mtgb\Figure.cpp">
      <Filter>mtgb\System\Draw\Shader</Filter>
    </ClCompile>
    <ClCompile Include="mtgb\Image.cpp">
      <Filter>mtgb\System\Image</Filter>
    </ClCompile>
    <ClCompile Include="mtgb\Input.cpp">
      <Filter>mtgb\System\Input</Filter>
    </ClCompile>
    <ClCompile Include="mtgb\InputData.cpp">
      <Filter>mtgb\System\Input</Filter>
    </ClCompile>
    <ClCompile Include="mtgb\SceneSystem.cpp">
      <Filter>mtgb\System\Scene</Filter>
    </ClCompile>
    <ClCompile Include="mtgb\Screen.cpp">
      <Filter>mtgb\System\Screen</Filter>
    </ClCompile>
    <ClCompile Include="mtgb\GameTime.cpp">
      <Filter>mtgb\System\Time</Filter>
    </ClCompile>
    <ClCompile Include="mtgb\IComponentPool.cpp">
      <Filter>mtgb\System</Filter>
    </ClCompile>
    <ClCompile Include="mtgb\ISystem.cpp">
      <Filter>mtgb\System</Filter>
    </ClCompile>
    <ClCompile Include="mtgb\Color.cpp">
      <Filter>mtgb\Utility</Filter>
    </ClCompile>
    <ClCompile Include="mtgb\Matrix4x4.cpp">
      <Filter>mtgb\Utility</Filter>
    </ClCompile>
    <ClCompile Include="mtgb\Quaternion.cpp">
      <Filter>mtgb\Utility</Filter>
    </ClCompile>
    <ClCompile Include="mtgb\Vector2.cpp">
      <Filter>mtgb\Utility</Filter>
    </ClCompile>
    <ClCompile Include="mtgb\Vector2Int.cpp">
      <Filter>mtgb\Utility</Filter>
    </ClCompile>
    <ClCompile Include="mtgb\Vector3.cpp">
      <Filter>mtgb\Utility</Filter>
    </ClCompile>
    <ClCompile Include="mtgb\Vector4.cpp">
      <Filter>mtgb\Utility</Filter>
    </ClCompile>
    <ClCompile Include="mtgb\Timer.cpp">
      <Filter>mtgb\System\Time</Filter>
    </ClCompile>
    <ClCompile Include="mtgb\MainWindow.cpp">
      <Filter>mtgb\System\Window\MainWindow</Filter>
    </ClCompile>
    <ClCompile Include="mtgb\Transform.cpp">
      <Filter>mtgb\Component</Filter>
    </ClCompile>
    <ClCompile Include="mtgb\Entity.cpp">
      <Filter>mtgb\Ignore</Filter>
    </ClCompile>
    <ClCompile Include="mtgb\TransformCP.cpp">
      <Filter>mtgb\System\TransformCP</Filter>
    </ClCompile>
    <ClCompile Include="mtgb\Texture2D.cpp">
      <Filter>mtgb\System\Direct11Manager</Filter>
    </ClCompile>
    <ClCompile Include="mtgb\IShader.cpp">
      <Filter>mtgb\System\Draw\Shader</Filter>
    </ClCompile>
    <ClCompile Include="mtgb\ComponentPool.cpp">
      <Filter>mtgb\System\ComponentPool</Filter>
    </ClCompile>
    <ClCompile Include="mtgb\Direct2D\Direct2D.cpp">
      <Filter>mtgb\System\Direct2D</Filter>
    </ClCompile>
    <ClCompile Include="Bar.cpp">
      <Filter>Game\PlayScene</Filter>
    </ClCompile>
    <ClCompile Include="ImGui\imgui.cpp">
      <Filter>ImGui</Filter>
    </ClCompile>
    <ClCompile Include="ImGui\imgui_demo.cpp">
      <Filter>ImGui</Filter>
    </ClCompile>
    <ClCompile Include="ImGui\imgui_draw.cpp">
      <Filter>ImGui</Filter>
    </ClCompile>
    <ClCompile Include="ImGui\imgui_impl_dx11.cpp">
      <Filter>ImGui</Filter>
    </ClCompile>
    <ClCompile Include="ImGui\imgui_impl_win32.cpp">
      <Filter>ImGui</Filter>
    </ClCompile>
    <ClCompile Include="ImGui\imgui_tables.cpp">
      <Filter>ImGui</Filter>
    </ClCompile>
    <ClCompile Include="ImGui\imgui_widgets.cpp">
      <Filter>ImGui</Filter>
    </ClCompile>
    <ClCompile Include="mtgb\Text.cpp">
      <Filter>mtgb\System\Text</Filter>
    </ClCompile>
    <ClCompile Include="mtgb\MTImGui.cpp">
      <Filter>ソース ファイル</Filter>
    </ClCompile>
    <ClCompile Include="Source\registerRefl.cpp">
      <Filter>ソース ファイル</Filter>
    </ClCompile>
    <ClCompile Include="Source\TextBox.cpp">
      <Filter>ソース ファイル</Filter>
    </ClCompile>
    <ClCompile Include="mtgb\TypeRegistry.cpp">
      <Filter>mtgb\System\Debug</Filter>
    </ClCompile>
    <ClCompile Include="Source\Enemy.cpp">
      <Filter>ソース ファイル</Filter>
    </ClCompile>
    <ClCompile Include="mtgb\DoubleWindow.cpp">
      <Filter>mtgb\System\Window</Filter>
    </ClCompile>
    <ClCompile Include="mtgb\MTNet\BinaryReader.cpp">
      <Filter>ソース ファイル</Filter>
    </ClCompile>
    <ClCompile Include="mtgb\MTNet\BinaryWriter.cpp">
      <Filter>ソース ファイル</Filter>
    </ClCompile>
    <ClCompile Include="mtgb\MTNet\EndPoint.cpp">
      <Filter>ソース ファイル</Filter>
    </ClCompile>
    <ClCompile Include="mtgb\MTNet\LobbyCommon.cpp">
      <Filter>ソース ファイル</Filter>
    </ClCompile>
    <ClCompile Include="mtgb\MTNet\Log.cpp">
      <Filter>ソース ファイル</Filter>
    </ClCompile>
    <ClCompile Include="mtgb\MTNet\Socket.cpp">
      <Filter>ソース ファイル</Filter>
    </ClCompile>
    <ClCompile Include="mtgb\MTNet\TcpClient.cpp">
      <Filter>ソース ファイル</Filter>
    </ClCompile>
    <ClCompile Include="mtgb\MTNet\TcpJoiner.cpp">
      <Filter>ソース ファイル</Filter>
    </ClCompile>
    <ClCompile Include="mtgb\MTNet\TcpListener.cpp">
      <Filter>ソース ファイル</Filter>
    </ClCompile>
    <ClCompile Include="mtgb\MTNet\TcpLobby.cpp">
      <Filter>ソース ファイル</Filter>
    </ClCompile>
    <ClCompile Include="mtgb\MTNet\Utility.cpp">
      <Filter>ソース ファイル</Filter>
    </ClCompile>
    <ClCompile Include="mtgb\WindowManager.cpp">
      <Filter>mtgb\System\Window</Filter>
    </ClCompile>
    <ClCompile Include="mtgb\WindowContext.cpp">
      <Filter>mtgb\System\Window</Filter>
    </ClCompile>
    <ClCompile Include="mtgb\DXGIResource.cpp">
      <Filter>mtgb\System\Resource\Resources</Filter>
    </ClCompile>
    <ClCompile Include="mtgb\Direct2DResource.cpp">
      <Filter>mtgb\System\Resource\Resources</Filter>
    </ClCompile>
    <ClCompile Include="mtgb\Direct3DResource.cpp">
      <Filter>mtgb\System\Resource\Resources</Filter>
    </ClCompile>
    <ClCompile Include="mtgb\WindowContextResource.cpp">
      <Filter>mtgb\System\Resource\Resources</Filter>
    </ClCompile>
    <ClCompile Include="mtgb\InputResource.cpp">
      <Filter>ソース ファイル</Filter>
    </ClCompile>
    <ClCompile Include="mtgb\WindowContextResourceManager.cpp">
      <Filter>mtgb\System\Resource</Filter>
    </ClCompile>
    <ClCompile Include="mtgb\WindowResource.cpp">
      <Filter>mtgb\System\Resource\Resources</Filter>
    </ClCompile>
    <ClCompile Include="mtgb\Inspector.cpp">
      <Filter>ソース ファイル</Filter>
    </ClCompile>
    <ClCompile Include="mtgb\ResourceCollection.cpp">
      <Filter>ソース ファイル</Filter>
    </ClCompile>
    <ClCompile Include="mtgb\CameraResource.cpp">
      <Filter>ソース ファイル</Filter>
    </ClCompile>
    <ClCompile Include="mtgb\MTNet\BinaryReader.cpp">
      <Filter>mtgb\MTNet</Filter>
    </ClCompile>
    <ClCompile Include="mtgb\MTNet\BinaryWriter.cpp">
      <Filter>mtgb\MTNet</Filter>
    </ClCompile>
    <ClCompile Include="mtgb\MTNet\EndPoint.cpp">
      <Filter>mtgb\MTNet</Filter>
    </ClCompile>
    <ClCompile Include="mtgb\MTNet\Log.cpp">
      <Filter>mtgb\MTNet</Filter>
    </ClCompile>
    <ClCompile Include="mtgb\MTNet\Socket.cpp">
      <Filter>mtgb\MTNet</Filter>
    </ClCompile>
    <ClCompile Include="mtgb\MTNet\TcpClient.cpp">
      <Filter>mtgb\MTNet</Filter>
    </ClCompile>
    <ClCompile Include="mtgb\MTNet\TcpListener.cpp">
      <Filter>mtgb\MTNet</Filter>
    </ClCompile>
    <ClCompile Include="mtgb\Fbx.cpp">
      <Filter>mtgb\System\Draw\Fbx</Filter>
    </ClCompile>
    <ClCompile Include="Source\Network\PIIO.cpp">
      <Filter>game</Filter>
    </ClCompile>
    <ClCompile Include="Source\Background.cpp">
      <Filter>Game\PlayScene</Filter>
    </ClCompile>
    <ClCompile Include="mtgb\CameraSystem.cpp">
      <Filter>mtgb\System\Camera</Filter>
    </ClCompile>
  </ItemGroup>
  <ItemGroup>
    <ClInclude Include="mtgb\cmtgb.h">
      <Filter>mtgb</Filter>
    </ClInclude>
    <ClInclude Include="mtgb\Game.h">
      <Filter>mtgb</Filter>
    </ClInclude>
    <ClInclude Include="mtgb\GameObject.h">
      <Filter>mtgb</Filter>
    </ClInclude>
    <ClInclude Include="mtgb\GameObjectBuilder.h">
      <Filter>mtgb</Filter>
    </ClInclude>
    <ClInclude Include="mtgb\GameScene.h">
      <Filter>mtgb</Filter>
    </ClInclude>
    <ClInclude Include="mtgb\Handlers.h">
      <Filter>mtgb</Filter>
    </ClInclude>
    <ClInclude Include="mtgb\Model.h">
      <Filter>mtgb</Filter>
    </ClInclude>
    <ClInclude Include="mtgb\MTAssert.h">
      <Filter>mtgb</Filter>
    </ClInclude>
    <ClInclude Include="mtgb\mtgb.h">
      <Filter>mtgb</Filter>
    </ClInclude>
    <ClInclude Include="mtgb\MTStringUtility.h">
      <Filter>mtgb</Filter>
    </ClInclude>
    <ClInclude Include="mtgb\RigidBody.h">
      <Filter>mtgb</Filter>
    </ClInclude>
    <ClInclude Include="mtgb\RigidBodyCP.h">
      <Filter>mtgb</Filter>
    </ClInclude>
    <ClInclude Include="mtgb\Sprite.h">
      <Filter>mtgb</Filter>
    </ClInclude>
    <ClInclude Include="mtgb\WaveData.h">
      <Filter>mtgb</Filter>
    </ClInclude>
    <ClInclude Include="mtgb\World.h">
      <Filter>mtgb</Filter>
    </ClInclude>
    <ClInclude Include="Source\Bullet.h">
      <Filter>Game</Filter>
    </ClInclude>
    <ClInclude Include="Source\Camera.h">
      <Filter>Game</Filter>
    </ClInclude>
    <ClInclude Include="Source\Player.h">
      <Filter>Game</Filter>
    </ClInclude>
    <ClInclude Include="Source\PlayScene.h">
      <Filter>Game</Filter>
    </ClInclude>
    <ClInclude Include="Source\SampleGame.h">
      <Filter>Game</Filter>
    </ClInclude>
    <ClInclude Include="mtgb\Direct2D\Direct2D.h">
      <Filter>mtgb\System\Direct2D</Filter>
    </ClInclude>
    <ClInclude Include="mtgb\MTBin\Common.h">
      <Filter>mtgb\MTBin</Filter>
    </ClInclude>
    <ClInclude Include="mtgb\MTBin\MemoryStream.h">
      <Filter>mtgb\MTBin</Filter>
    </ClInclude>
    <ClInclude Include="mtgb\IModelPack.h">
      <Filter>ヘッダー ファイル</Filter>
    </ClInclude>
    <ClInclude Include="mtgb\PathUtility.h">
      <Filter>ヘッダー ファイル</Filter>
    </ClInclude>
    <ClInclude Include="mtgb\AudioPlayer.h">
      <Filter>mtgb\Component</Filter>
    </ClInclude>
    <ClInclude Include="mtgb\IComponent.h">
      <Filter>mtgb\Component</Filter>
    </ClInclude>
    <ClInclude Include="mtgb\AssetsManager.h">
      <Filter>mtgb\System\AssetsManager</Filter>
    </ClInclude>
    <ClInclude Include="mtgb\Audio.h">
      <Filter>mtgb\System\Audio</Filter>
    </ClInclude>
    <ClInclude Include="mtgb\AudioClip.h">
      <Filter>mtgb\System\Audio</Filter>
    </ClInclude>
    <ClInclude Include="mtgb\AudioOneShot.h">
      <Filter>mtgb\System\Audio</Filter>
    </ClInclude>
    <ClInclude Include="mtgb\AudioPlayerCP.h">
      <Filter>mtgb\System\ComponentPool</Filter>
    </ClInclude>
    <ClInclude Include="mtgb\Debug.h">
      <Filter>mtgb\System\Debug</Filter>
    </ClInclude>
    <ClInclude Include="mtgb\DirectWrite.h">
      <Filter>mtgb\System\DirectWrite</Filter>
    </ClInclude>
    <ClInclude Include="mtgb\DirectX11Draw.h">
      <Filter>mtgb\System\Direct11Manager</Filter>
    </ClInclude>
    <ClInclude Include="mtgb\DirectX11Manager.h">
      <Filter>mtgb\System\Direct11Manager</Filter>
    </ClInclude>
    <ClInclude Include="mtgb\HLSLInclude.h">
      <Filter>mtgb\System\Direct11Manager</Filter>
    </ClInclude>
    <ClInclude Include="mtgb\OBJ.h">
      <Filter>mtgb\System\Draw\OBJ</Filter>
    </ClInclude>
    <ClInclude Include="mtgb\Draw.h">
      <Filter>mtgb\System\Draw</Filter>
    </ClInclude>
    <ClInclude Include="mtgb\FbxParts.h">
      <Filter>mtgb\System\Draw\Shader</Filter>
    </ClInclude>
    <ClInclude Include="mtgb\Figure.h">
      <Filter>mtgb\System\Draw\Shader</Filter>
    </ClInclude>
    <ClInclude Include="mtgb\Image.h">
      <Filter>mtgb\System\Image</Filter>
    </ClInclude>
    <ClInclude Include="mtgb\Input.h">
      <Filter>mtgb\System\Input</Filter>
    </ClInclude>
    <ClInclude Include="mtgb\InputData.h">
      <Filter>mtgb\System\Input</Filter>
    </ClInclude>
    <ClInclude Include="mtgb\InputKeyCode.h">
      <Filter>mtgb\System\Input</Filter>
    </ClInclude>
    <ClInclude Include="mtgb\InputMouseCode.h">
      <Filter>mtgb\System\Input</Filter>
    </ClInclude>
    <ClInclude Include="mtgb\SceneSystem.h">
      <Filter>mtgb\System\Scene</Filter>
    </ClInclude>
    <ClInclude Include="mtgb\Screen.h">
      <Filter>mtgb\System\Screen</Filter>
    </ClInclude>
    <ClInclude Include="mtgb\GameTime.h">
      <Filter>mtgb\System\Time</Filter>
    </ClInclude>
    <ClInclude Include="mtgb\IComponentPool.h">
      <Filter>mtgb\System</Filter>
    </ClInclude>
    <ClInclude Include="mtgb\ISystem.h">
      <Filter>mtgb\System</Filter>
    </ClInclude>
    <ClInclude Include="mtgb\Color.h">
      <Filter>mtgb\Utility</Filter>
    </ClInclude>
    <ClInclude Include="mtgb\Matrix4x4.h">
      <Filter>mtgb\Utility</Filter>
    </ClInclude>
    <ClInclude Include="mtgb\Quaternion.h">
      <Filter>mtgb\Utility</Filter>
    </ClInclude>
    <ClInclude Include="mtgb\ReleaseUtility.h">
      <Filter>mtgb\Utility</Filter>
    </ClInclude>
    <ClInclude Include="mtgb\RectInt.h">
      <Filter>mtgb\Utility</Filter>
    </ClInclude>
    <ClInclude Include="mtgb\Vector2.h">
      <Filter>mtgb\Utility</Filter>
    </ClInclude>
    <ClInclude Include="mtgb\Vector2Int.h">
      <Filter>mtgb\Utility</Filter>
    </ClInclude>
    <ClInclude Include="mtgb\Vector3.h">
      <Filter>mtgb\Utility</Filter>
    </ClInclude>
    <ClInclude Include="mtgb\Vector3Ref.h">
      <Filter>mtgb\Utility</Filter>
    </ClInclude>
    <ClInclude Include="mtgb\Vector4.h">
      <Filter>mtgb\Utility</Filter>
    </ClInclude>
    <ClInclude Include="mtgb\Timer.h">
      <Filter>mtgb\System\Time</Filter>
    </ClInclude>
    <ClInclude Include="mtgb\MainWindow.h">
      <Filter>mtgb\System\Window\MainWindow</Filter>
    </ClInclude>
    <ClInclude Include="mtgb\Transform.h">
      <Filter>mtgb\Component</Filter>
    </ClInclude>
    <ClInclude Include="mtgb\Entity.h">
      <Filter>mtgb\Ignore</Filter>
    </ClInclude>
    <ClInclude Include="mtgb\TransformCP.h">
      <Filter>mtgb\System\TransformCP</Filter>
    </ClInclude>
    <ClInclude Include="mtgb\Texture2D.h">
      <Filter>mtgb\System\Direct11Manager</Filter>
    </ClInclude>
    <ClInclude Include="mtgb\IShader.h">
      <Filter>mtgb\System\Draw\Shader</Filter>
    </ClInclude>
    <ClInclude Include="mtgb\ComponentPool.h">
      <Filter>mtgb\System\ComponentPool</Filter>
    </ClInclude>
    <ClInclude Include="ImGui\imconfig.h">
      <Filter>ImGui</Filter>
    </ClInclude>
    <ClInclude Include="ImGui\imgui.h">
      <Filter>ImGui</Filter>
    </ClInclude>
    <ClInclude Include="ImGui\imgui_impl_dx11.h">
      <Filter>ImGui</Filter>
    </ClInclude>
    <ClInclude Include="ImGui\imgui_impl_win32.h">
      <Filter>ImGui</Filter>
    </ClInclude>
    <ClInclude Include="ImGui\imgui_internal.h">
      <Filter>ImGui</Filter>
    </ClInclude>
    <ClInclude Include="ImGui\imstb_rectpack.h">
      <Filter>ImGui</Filter>
    </ClInclude>
    <ClInclude Include="ImGui\imstb_textedit.h">
      <Filter>ImGui</Filter>
    </ClInclude>
    <ClInclude Include="ImGui\imstb_truetype.h">
      <Filter>ImGui</Filter>
    </ClInclude>
    <ClInclude Include="mtgb\Text.h">
      <Filter>mtgb\System\Text</Filter>
    </ClInclude>
    <ClInclude Include="mtgb\ProfileUtlity.h">
      <Filter>ヘッダー ファイル</Filter>
    </ClInclude>
    <ClInclude Include="Bar.h">
      <Filter>Game\PlayScene</Filter>
    </ClInclude>
    <ClInclude Include="mtgb\Fbx.h">
      <Filter>mtgb\System\Draw\Fbx</Filter>
    </ClInclude>
    <ClInclude Include="mtgb\MTImGui.h">
      <Filter>ヘッダー ファイル</Filter>
    </ClInclude>
    <ClInclude Include="Source\TextBox.h">
      <Filter>ヘッダー ファイル</Filter>
    </ClInclude>
    <ClInclude Include="mtgb\TypeRegistry.h">
      <Filter>mtgb\System\Debug</Filter>
    </ClInclude>
    <ClInclude Include="Source\Enemy.h">
      <Filter>Game</Filter>
    </ClInclude>
    <ClInclude Include="mtgb\SubWindow.h">
      <Filter>mtgb\System\Window\SubWindow</Filter>
    </ClInclude>
    <ClInclude Include="mtgb\WindowContext.h">
      <Filter>mtgb\System\Window</Filter>
    </ClInclude>
    <ClInclude Include="mtgb\WindowManager.h">
      <Filter>mtgb\System\Window</Filter>
    </ClInclude>
    <ClInclude Include="mtgb\DoubleWindow.h">
      <Filter>mtgb\System\Window</Filter>
    </ClInclude>
    <ClInclude Include="mtgb\MTNet\BinaryReader.h">
      <Filter>mtgb\MTNet</Filter>
    </ClInclude>
    <ClInclude Include="mtgb\MTNet\BinaryWriter.h">
      <Filter>mtgb\MTNet</Filter>
    </ClInclude>
    <ClInclude Include="mtgb\MTNet\Common.h">
      <Filter>mtgb\MTNet</Filter>
    </ClInclude>
    <ClInclude Include="mtgb\MTNet\EndPoint.h">
      <Filter>mtgb\MTNet</Filter>
    </ClInclude>
    <ClInclude Include="mtgb\MTNet\Log.h">
      <Filter>mtgb\MTNet</Filter>
    </ClInclude>
    <ClInclude Include="mtgb\MTNet\Socket.h">
      <Filter>mtgb\MTNet</Filter>
    </ClInclude>
    <ClInclude Include="mtgb\MTNet\TcpClient.h">
      <Filter>mtgb\MTNet</Filter>
    </ClInclude>
    <ClInclude Include="mtgb\MTNet\TcpListener.h">
      <Filter>mtgb\MTNet</Filter>
    </ClInclude>
    <ClInclude Include="mtgb\IncludingWindows.h">
      <Filter>ヘッダー ファイル</Filter>
    </ClInclude>
    <ClInclude Include="Source\JsonUtility.h">
      <Filter>ヘッダー ファイル</Filter>
    </ClInclude>
    <ClInclude Include="Source\Network\PIIO.h">
      <Filter>ヘッダー ファイル</Filter>
    </ClInclude>
    <ClInclude Include="Source\Background.h">
      <Filter>Game\PlayScene</Filter>
    </ClInclude>
    <ClInclude Include="minimp3.h">
      <Filter>mtgb\System\Audio</Filter>
    </ClInclude>
    <ClInclude Include="minimp3_ex.h">
      <Filter>mtgb\System\Audio</Filter>
    </ClInclude>
    <ClInclude Include="mtgb\CameraSystem.h">
      <Filter>mtgb\System\Camera</Filter>
    </ClInclude>
  </ItemGroup>
  <ItemGroup>
    <None Include="Other\History\log20250720.md" />
    <None Include="Assets\Shader\2DCommon.hlsli">
      <Filter>Assets</Filter>
    </None>
    <None Include="Assets\Shader\3DCommon.hlsli">
      <Filter>Assets</Filter>
    </None>
    <None Include="packages.config" />
    <None Include="通信体系.txt" />
  </ItemGroup>
  <ItemGroup>
    <FxCompile Include="Assets\Shader\FbxParts.hlsl">
      <Filter>Assets</Filter>
    </FxCompile>
    <FxCompile Include="Assets\Shader\Figure.hlsl">
      <Filter>Assets</Filter>
    </FxCompile>
    <FxCompile Include="Assets\Shader\Geometry.hlsl">
      <Filter>Assets</Filter>
    </FxCompile>
    <FxCompile Include="Assets\Shader\Sprite.hlsl">
      <Filter>Assets</Filter>
    </FxCompile>
  </ItemGroup>
  <ItemGroup>
    <Object Include="Assets\Model\Test.obj" />
  </ItemGroup>
</Project>